
Microsoft Visual Studio Solution File, Format Version 12.00
# Visual Studio 15
Project("{FAE04EC0-301F-11D3-BF4B-00C04F79EFBC}") = "ReusableTasks", "ReusableTasks\ReusableTasks.csproj", "{3BF57E6F-F7D8-49C9-B7B4-6FA3298A56D3}"
EndProject
Project("{FAE04EC0-301F-11D3-BF4B-00C04F79EFBC}") = "ReusableTasks.Tests", "ReusableTasks.Tests\ReusableTasks.Tests.csproj", "{99C257E6-09C2-4540-98B9-1A899D4D5948}"
EndProject
Global
	GlobalSection(SolutionConfigurationPlatforms) = preSolution
		Debug|Any CPU = Debug|Any CPU
		Release|Any CPU = Release|Any CPU
	EndGlobalSection
	GlobalSection(ProjectConfigurationPlatforms) = postSolution
		{3BF57E6F-F7D8-49C9-B7B4-6FA3298A56D3}.Debug|Any CPU.ActiveCfg = Debug|Any CPU
		{3BF57E6F-F7D8-49C9-B7B4-6FA3298A56D3}.Debug|Any CPU.Build.0 = Debug|Any CPU
		{3BF57E6F-F7D8-49C9-B7B4-6FA3298A56D3}.Release|Any CPU.ActiveCfg = Release|Any CPU
		{3BF57E6F-F7D8-49C9-B7B4-6FA3298A56D3}.Release|Any CPU.Build.0 = Release|Any CPU
		{99C257E6-09C2-4540-98B9-1A899D4D5948}.Debug|Any CPU.ActiveCfg = Debug|Any CPU
		{99C257E6-09C2-4540-98B9-1A899D4D5948}.Debug|Any CPU.Build.0 = Debug|Any CPU
		{99C257E6-09C2-4540-98B9-1A899D4D5948}.Release|Any CPU.ActiveCfg = Release|Any CPU
		{99C257E6-09C2-4540-98B9-1A899D4D5948}.Release|Any CPU.Build.0 = Release|Any CPU
	EndGlobalSection
EndGlobal
